
Microsoft Visual Studio Solution File, Format Version 12.00
# Visual Studio Version 17
VisualStudioVersion = 17.2.32526.322
MinimumVisualStudioVersion = 10.0.40219.1
Project("{FAE04EC0-301F-11D3-BF4B-00C04F79EFBC}") = "win_version_csharp", "win_version_csharp.csproj", "{58E69924-F279-4C13-8609-0524E6B5972C}"
EndProject
Global
	GlobalSection(SolutionConfigurationPlatforms) = preSolution
		Debug|Any CPU = Debug|Any CPU
		Release|Any CPU = Release|Any CPU
	EndGlobalSection
	GlobalSection(ProjectConfigurationPlatforms) = postSolution
		{58E69924-F279-4C13-8609-0524E6B5972C}.Debug|Any CPU.ActiveCfg = Debug|Any CPU
		{58E69924-F279-4C13-8609-0524E6B5972C}.Debug|Any CPU.Build.0 = Debug|Any CPU
		{58E69924-F279-4C13-8609-0524E6B5972C}.Release|Any CPU.ActiveCfg = Release|Any CPU
		{58E69924-F279-4C13-8609-0524E6B5972C}.Release|Any CPU.Build.0 = Release|Any CPU
	EndGlobalSection
	GlobalSection(SolutionProperties) = preSolution
		HideSolutionNode = FALSE
	EndGlobalSection
	GlobalSection(ExtensibilityGlobals) = postSolution
		SolutionGuid = {CBE9E08F-1114-4F3B-A9B9-B349F80F4D90}
	EndGlobalSection
EndGlobal
