
Microsoft Visual Studio Solution File, Format Version 12.00
# Visual Studio Version 17
VisualStudioVersion = 17.2.32526.322
MinimumVisualStudioVersion = 10.0.40219.1
Project("{FAE04EC0-301F-11D3-BF4B-00C04F79EFBC}") = "manifest_version_csharp_net6", "manifest_version_csharp_net6.csproj", "{DC985140-F30D-4763-8C14-A0C3F5D1F402}"
EndProject
Global
	GlobalSection(SolutionConfigurationPlatforms) = preSolution
		Debug|Any CPU = Debug|Any CPU
		Release|Any CPU = Release|Any CPU
	EndGlobalSection
	GlobalSection(ProjectConfigurationPlatforms) = postSolution
		{DC985140-F30D-4763-8C14-A0C3F5D1F402}.Debug|Any CPU.ActiveCfg = Debug|Any CPU
		{DC985140-F30D-4763-8C14-A0C3F5D1F402}.Debug|Any CPU.Build.0 = Debug|Any CPU
		{DC985140-F30D-4763-8C14-A0C3F5D1F402}.Release|Any CPU.ActiveCfg = Release|Any CPU
		{DC985140-F30D-4763-8C14-A0C3F5D1F402}.Release|Any CPU.Build.0 = Release|Any CPU
	EndGlobalSection
	GlobalSection(SolutionProperties) = preSolution
		HideSolutionNode = FALSE
	EndGlobalSection
	GlobalSection(ExtensibilityGlobals) = postSolution
		SolutionGuid = {E65CF3EF-FFE3-4567-BD05-8D7D2A638ACC}
	EndGlobalSection
EndGlobal
