
Microsoft Visual Studio Solution File, Format Version 12.00
# Visual Studio Version 17
VisualStudioVersion = 17.2.32526.322
MinimumVisualStudioVersion = 10.0.40219.1
Project("{FAE04EC0-301F-11D3-BF4B-00C04F79EFBC}") = "win_version_csharp_net6", "win_version_csharp_net6.csproj", "{DB9AC286-E0F8-4D5C-AF2F-08A9A1A15948}"
EndProject
Global
	GlobalSection(SolutionConfigurationPlatforms) = preSolution
		Debug|Any CPU = Debug|Any CPU
		Release|Any CPU = Release|Any CPU
	EndGlobalSection
	GlobalSection(ProjectConfigurationPlatforms) = postSolution
		{DB9AC286-E0F8-4D5C-AF2F-08A9A1A15948}.Debug|Any CPU.ActiveCfg = Debug|Any CPU
		{DB9AC286-E0F8-4D5C-AF2F-08A9A1A15948}.Debug|Any CPU.Build.0 = Debug|Any CPU
		{DB9AC286-E0F8-4D5C-AF2F-08A9A1A15948}.Release|Any CPU.ActiveCfg = Release|Any CPU
		{DB9AC286-E0F8-4D5C-AF2F-08A9A1A15948}.Release|Any CPU.Build.0 = Release|Any CPU
	EndGlobalSection
	GlobalSection(SolutionProperties) = preSolution
		HideSolutionNode = FALSE
	EndGlobalSection
	GlobalSection(ExtensibilityGlobals) = postSolution
		SolutionGuid = {BFE5E936-4B7E-48AD-9DD0-C84597C8B0CD}
	EndGlobalSection
EndGlobal
